// !$*UTF8*$!
{
	archiveVersion = 1;
	classes = {
	};
	objectVersion = 56;
	objects = {

/* Begin PBXBuildFile section */
		9F1039D62C5249AF0074639E /* UploadPostViewModel.swift in Sources */ = {isa = PBXBuildFile; fileRef = 9F1039D52C5249AF0074639E /* UploadPostViewModel.swift */; };
		9F1039D82C52598C0074639E /* GoogleService-Info.plist in Resources */ = {isa = PBXBuildFile; fileRef = 9F1039D72C52598C0074639E /* GoogleService-Info.plist */; };
		9F1039DB2C525A170074639E /* FirebaseAnalytics in Frameworks */ = {isa = PBXBuildFile; productRef = 9F1039DA2C525A170074639E /* FirebaseAnalytics */; };
		9F1039DD2C525A170074639E /* FirebaseAnalyticsOnDeviceConversion in Frameworks */ = {isa = PBXBuildFile; productRef = 9F1039DC2C525A170074639E /* FirebaseAnalyticsOnDeviceConversion */; };
		9F1039DF2C525A170074639E /* FirebaseAnalyticsSwift in Frameworks */ = {isa = PBXBuildFile; productRef = 9F1039DE2C525A170074639E /* FirebaseAnalyticsSwift */; };
		9F1039E12C525A170074639E /* FirebaseAnalyticsWithoutAdIdSupport in Frameworks */ = {isa = PBXBuildFile; productRef = 9F1039E02C525A170074639E /* FirebaseAnalyticsWithoutAdIdSupport */; };
		9F1039E32C525A170074639E /* FirebaseAppCheck in Frameworks */ = {isa = PBXBuildFile; productRef = 9F1039E22C525A170074639E /* FirebaseAppCheck */; };
		9F1039E52C525A170074639E /* FirebaseAppDistribution-Beta in Frameworks */ = {isa = PBXBuildFile; productRef = 9F1039E42C525A170074639E /* FirebaseAppDistribution-Beta */; };
		9F1039E72C525A170074639E /* FirebaseAuth in Frameworks */ = {isa = PBXBuildFile; productRef = 9F1039E62C525A170074639E /* FirebaseAuth */; };
		9F1039E92C525A170074639E /* FirebaseAuthCombine-Community in Frameworks */ = {isa = PBXBuildFile; productRef = 9F1039E82C525A170074639E /* FirebaseAuthCombine-Community */; };
		9F1039EB2C525A170074639E /* FirebaseCrashlytics in Frameworks */ = {isa = PBXBuildFile; productRef = 9F1039EA2C525A170074639E /* FirebaseCrashlytics */; };
		9F1039ED2C525A170074639E /* FirebaseDatabase in Frameworks */ = {isa = PBXBuildFile; productRef = 9F1039EC2C525A170074639E /* FirebaseDatabase */; };
		9F1039EF2C525A170074639E /* FirebaseDatabaseSwift in Frameworks */ = {isa = PBXBuildFile; productRef = 9F1039EE2C525A170074639E /* FirebaseDatabaseSwift */; };
		9F1039F12C525A170074639E /* FirebaseDynamicLinks in Frameworks */ = {isa = PBXBuildFile; productRef = 9F1039F02C525A170074639E /* FirebaseDynamicLinks */; };
		9F1039F32C525A170074639E /* FirebaseFirestore in Frameworks */ = {isa = PBXBuildFile; productRef = 9F1039F22C525A170074639E /* FirebaseFirestore */; };
		9F1039F52C525A170074639E /* FirebaseFirestoreCombine-Community in Frameworks */ = {isa = PBXBuildFile; productRef = 9F1039F42C525A170074639E /* FirebaseFirestoreCombine-Community */; };
		9F1039F72C525A170074639E /* FirebaseFirestoreSwift in Frameworks */ = {isa = PBXBuildFile; productRef = 9F1039F62C525A170074639E /* FirebaseFirestoreSwift */; };
		9F1039F92C525A170074639E /* FirebaseFunctions in Frameworks */ = {isa = PBXBuildFile; productRef = 9F1039F82C525A170074639E /* FirebaseFunctions */; };
		9F1039FB2C525A170074639E /* FirebaseFunctionsCombine-Community in Frameworks */ = {isa = PBXBuildFile; productRef = 9F1039FA2C525A170074639E /* FirebaseFunctionsCombine-Community */; };
		9F1039FD2C525A170074639E /* FirebaseInAppMessaging-Beta in Frameworks */ = {isa = PBXBuildFile; productRef = 9F1039FC2C525A170074639E /* FirebaseInAppMessaging-Beta */; };
		9F1039FF2C525A170074639E /* FirebaseInAppMessagingSwift-Beta in Frameworks */ = {isa = PBXBuildFile; productRef = 9F1039FE2C525A170074639E /* FirebaseInAppMessagingSwift-Beta */; };
		9F103A012C525A170074639E /* FirebaseInstallations in Frameworks */ = {isa = PBXBuildFile; productRef = 9F103A002C525A170074639E /* FirebaseInstallations */; };
		9F103A032C525A170074639E /* FirebaseMLModelDownloader in Frameworks */ = {isa = PBXBuildFile; productRef = 9F103A022C525A170074639E /* FirebaseMLModelDownloader */; };
		9F103A052C525A170074639E /* FirebaseMessaging in Frameworks */ = {isa = PBXBuildFile; productRef = 9F103A042C525A170074639E /* FirebaseMessaging */; };
		9F103A072C525A170074639E /* FirebasePerformance in Frameworks */ = {isa = PBXBuildFile; productRef = 9F103A062C525A170074639E /* FirebasePerformance */; };
		9F103A092C525A170074639E /* FirebaseRemoteConfig in Frameworks */ = {isa = PBXBuildFile; productRef = 9F103A082C525A170074639E /* FirebaseRemoteConfig */; };
		9F103A0B2C525A170074639E /* FirebaseRemoteConfigSwift in Frameworks */ = {isa = PBXBuildFile; productRef = 9F103A0A2C525A170074639E /* FirebaseRemoteConfigSwift */; };
		9F103A0D2C525A170074639E /* FirebaseStorage in Frameworks */ = {isa = PBXBuildFile; productRef = 9F103A0C2C525A170074639E /* FirebaseStorage */; };
		9F103A0F2C525A170074639E /* FirebaseStorageCombine-Community in Frameworks */ = {isa = PBXBuildFile; productRef = 9F103A0E2C525A170074639E /* FirebaseStorageCombine-Community */; };
		9F103A112C525A170074639E /* FirebaseVertexAI-Preview in Frameworks */ = {isa = PBXBuildFile; productRef = 9F103A102C525A170074639E /* FirebaseVertexAI-Preview */; };
		9F103A142C525C7B0074639E /* AuthService.swift in Sources */ = {isa = PBXBuildFile; fileRef = 9F103A132C525C7B0074639E /* AuthService.swift */; };
		9F103A192C5260020074639E /* ContentViewModel.swift in Sources */ = {isa = PBXBuildFile; fileRef = 9F103A182C5260020074639E /* ContentViewModel.swift */; };
		9F103A1C2C5263370074639E /* RegisterViewModel.swift in Sources */ = {isa = PBXBuildFile; fileRef = 9F103A1B2C5263370074639E /* RegisterViewModel.swift */; };
		9F103A1F2C526E670074639E /* LoginViewModel.swift in Sources */ = {isa = PBXBuildFile; fileRef = 9F103A1E2C526E660074639E /* LoginViewModel.swift */; };
		9F33511C2C4E547600745FEA /* PostGridView.swift in Sources */ = {isa = PBXBuildFile; fileRef = 9F33511B2C4E547600745FEA /* PostGridView.swift */; };
		9F33511E2C4E579900745FEA /* ProfileHeaderView.swift in Sources */ = {isa = PBXBuildFile; fileRef = 9F33511D2C4E579800745FEA /* ProfileHeaderView.swift */; };
		9F3351202C4E59C700745FEA /* UploadPostView.swift in Sources */ = {isa = PBXBuildFile; fileRef = 9F33511F2C4E59C700745FEA /* UploadPostView.swift */; };
		9F6EB99A2C4A951D00770E33 /* LoginView.swift in Sources */ = {isa = PBXBuildFile; fileRef = 9F6EB9992C4A951D00770E33 /* LoginView.swift */; };
		9F6EB99C2C4ABDF100770E33 /* AddEmailView.swift in Sources */ = {isa = PBXBuildFile; fileRef = 9F6EB99B2C4ABDF100770E33 /* AddEmailView.swift */; };
		9F6EB99E2C4AC33B00770E33 /* IGTextFieldModifier.swift in Sources */ = {isa = PBXBuildFile; fileRef = 9F6EB99D2C4AC33B00770E33 /* IGTextFieldModifier.swift */; };
		9F6EB9A02C4B861100770E33 /* CreateUsernameView.swift in Sources */ = {isa = PBXBuildFile; fileRef = 9F6EB99F2C4B861100770E33 /* CreateUsernameView.swift */; };
		9F6EB9A22C4B879B00770E33 /* CreatePasswordView.swift in Sources */ = {isa = PBXBuildFile; fileRef = 9F6EB9A12C4B879B00770E33 /* CreatePasswordView.swift */; };
		9F6EB9A42C4B886D00770E33 /* CompleteSignUpView.swift in Sources */ = {isa = PBXBuildFile; fileRef = 9F6EB9A32C4B886D00770E33 /* CompleteSignUpView.swift */; };
		9F6EB9A62C4B8BCD00770E33 /* SecureFieldWithButton.swift in Sources */ = {isa = PBXBuildFile; fileRef = 9F6EB9A52C4B8BCD00770E33 /* SecureFieldWithButton.swift */; };
		9F6EB9A82C4B8F3C00770E33 /* User.swift in Sources */ = {isa = PBXBuildFile; fileRef = 9F6EB9A72C4B8F3C00770E33 /* User.swift */; };
		9F6EB9AA2C4BF04400770E33 /* CurrentUserProfileView.swift in Sources */ = {isa = PBXBuildFile; fileRef = 9F6EB9A92C4BF04400770E33 /* CurrentUserProfileView.swift */; };
		9F6EB9AC2C4BF2E800770E33 /* Post.swift in Sources */ = {isa = PBXBuildFile; fileRef = 9F6EB9AB2C4BF2E800770E33 /* Post.swift */; };
		9F82FEFD2C45C8CB0048B796 /* instaCloneBootcampApp.swift in Sources */ = {isa = PBXBuildFile; fileRef = 9F82FEFC2C45C8CB0048B796 /* instaCloneBootcampApp.swift */; };
		9F82FEFF2C45C8CB0048B796 /* ContentView.swift in Sources */ = {isa = PBXBuildFile; fileRef = 9F82FEFE2C45C8CB0048B796 /* ContentView.swift */; };
		9F82FF012C45C8CC0048B796 /* Assets.xcassets in Resources */ = {isa = PBXBuildFile; fileRef = 9F82FF002C45C8CC0048B796 /* Assets.xcassets */; };
		9F82FF042C45C8CC0048B796 /* Preview Assets.xcassets in Resources */ = {isa = PBXBuildFile; fileRef = 9F82FF032C45C8CC0048B796 /* Preview Assets.xcassets */; };
		9F82FF162C45CAEA0048B796 /* MainTabView.swift in Sources */ = {isa = PBXBuildFile; fileRef = 9F82FF152C45CAEA0048B796 /* MainTabView.swift */; };
		9F82FF182C45CE800048B796 /* ProfileView.swift in Sources */ = {isa = PBXBuildFile; fileRef = 9F82FF172C45CE800048B796 /* ProfileView.swift */; };
		9F82FF1B2C45D8FE0048B796 /* UserStatView.swift in Sources */ = {isa = PBXBuildFile; fileRef = 9F82FF1A2C45D8FE0048B796 /* UserStatView.swift */; };
		9F82FF1D2C4707120048B796 /* FeedView.swift in Sources */ = {isa = PBXBuildFile; fileRef = 9F82FF1C2C4707120048B796 /* FeedView.swift */; };
		9F82FF1F2C47071E0048B796 /* FeedCell.swift in Sources */ = {isa = PBXBuildFile; fileRef = 9F82FF1E2C47071E0048B796 /* FeedCell.swift */; };
		9F82FF212C494C2D0048B796 /* SearchView.swift in Sources */ = {isa = PBXBuildFile; fileRef = 9F82FF202C494C2D0048B796 /* SearchView.swift */; };
/* End PBXBuildFile section */

/* Begin PBXFileReference section */
		9F1039D52C5249AF0074639E /* UploadPostViewModel.swift */ = {isa = PBXFileReference; lastKnownFileType = sourcecode.swift; path = UploadPostViewModel.swift; sourceTree = "<group>"; };
		9F1039D72C52598C0074639E /* GoogleService-Info.plist */ = {isa = PBXFileReference; fileEncoding = 4; lastKnownFileType = text.plist.xml; path = "GoogleService-Info.plist"; sourceTree = "<group>"; };
		9F103A132C525C7B0074639E /* AuthService.swift */ = {isa = PBXFileReference; lastKnownFileType = sourcecode.swift; path = AuthService.swift; sourceTree = "<group>"; };
		9F103A182C5260020074639E /* ContentViewModel.swift */ = {isa = PBXFileReference; lastKnownFileType = sourcecode.swift; path = ContentViewModel.swift; sourceTree = "<group>"; };
		9F103A1B2C5263370074639E /* RegisterViewModel.swift */ = {isa = PBXFileReference; lastKnownFileType = sourcecode.swift; path = RegisterViewModel.swift; sourceTree = "<group>"; };
		9F103A1E2C526E660074639E /* LoginViewModel.swift */ = {isa = PBXFileReference; lastKnownFileType = sourcecode.swift; path = LoginViewModel.swift; sourceTree = "<group>"; };
		9F33511B2C4E547600745FEA /* PostGridView.swift */ = {isa = PBXFileReference; lastKnownFileType = sourcecode.swift; path = PostGridView.swift; sourceTree = "<group>"; };
		9F33511D2C4E579800745FEA /* ProfileHeaderView.swift */ = {isa = PBXFileReference; lastKnownFileType = sourcecode.swift; path = ProfileHeaderView.swift; sourceTree = "<group>"; };
		9F33511F2C4E59C700745FEA /* UploadPostView.swift */ = {isa = PBXFileReference; lastKnownFileType = sourcecode.swift; path = UploadPostView.swift; sourceTree = "<group>"; };
		9F6EB9992C4A951D00770E33 /* LoginView.swift */ = {isa = PBXFileReference; lastKnownFileType = sourcecode.swift; path = LoginView.swift; sourceTree = "<group>"; };
		9F6EB99B2C4ABDF100770E33 /* AddEmailView.swift */ = {isa = PBXFileReference; lastKnownFileType = sourcecode.swift; path = AddEmailView.swift; sourceTree = "<group>"; };
		9F6EB99D2C4AC33B00770E33 /* IGTextFieldModifier.swift */ = {isa = PBXFileReference; lastKnownFileType = sourcecode.swift; path = IGTextFieldModifier.swift; sourceTree = "<group>"; };
		9F6EB99F2C4B861100770E33 /* CreateUsernameView.swift */ = {isa = PBXFileReference; lastKnownFileType = sourcecode.swift; path = CreateUsernameView.swift; sourceTree = "<group>"; };
		9F6EB9A12C4B879B00770E33 /* CreatePasswordView.swift */ = {isa = PBXFileReference; lastKnownFileType = sourcecode.swift; path = CreatePasswordView.swift; sourceTree = "<group>"; };
		9F6EB9A32C4B886D00770E33 /* CompleteSignUpView.swift */ = {isa = PBXFileReference; lastKnownFileType = sourcecode.swift; path = CompleteSignUpView.swift; sourceTree = "<group>"; };
		9F6EB9A52C4B8BCD00770E33 /* SecureFieldWithButton.swift */ = {isa = PBXFileReference; lastKnownFileType = sourcecode.swift; path = SecureFieldWithButton.swift; sourceTree = "<group>"; };
		9F6EB9A72C4B8F3C00770E33 /* User.swift */ = {isa = PBXFileReference; lastKnownFileType = sourcecode.swift; path = User.swift; sourceTree = "<group>"; };
		9F6EB9A92C4BF04400770E33 /* CurrentUserProfileView.swift */ = {isa = PBXFileReference; lastKnownFileType = sourcecode.swift; path = CurrentUserProfileView.swift; sourceTree = "<group>"; };
		9F6EB9AB2C4BF2E800770E33 /* Post.swift */ = {isa = PBXFileReference; lastKnownFileType = sourcecode.swift; path = Post.swift; sourceTree = "<group>"; };
		9F82FEF92C45C8CB0048B796 /* instaCloneBootcamp.app */ = {isa = PBXFileReference; explicitFileType = wrapper.application; includeInIndex = 0; path = instaCloneBootcamp.app; sourceTree = BUILT_PRODUCTS_DIR; };
		9F82FEFC2C45C8CB0048B796 /* instaCloneBootcampApp.swift */ = {isa = PBXFileReference; lastKnownFileType = sourcecode.swift; path = instaCloneBootcampApp.swift; sourceTree = "<group>"; };
		9F82FEFE2C45C8CB0048B796 /* ContentView.swift */ = {isa = PBXFileReference; lastKnownFileType = sourcecode.swift; path = ContentView.swift; sourceTree = "<group>"; };
		9F82FF002C45C8CC0048B796 /* Assets.xcassets */ = {isa = PBXFileReference; lastKnownFileType = folder.assetcatalog; path = Assets.xcassets; sourceTree = "<group>"; };
		9F82FF032C45C8CC0048B796 /* Preview Assets.xcassets */ = {isa = PBXFileReference; lastKnownFileType = folder.assetcatalog; path = "Preview Assets.xcassets"; sourceTree = "<group>"; };
		9F82FF152C45CAEA0048B796 /* MainTabView.swift */ = {isa = PBXFileReference; lastKnownFileType = sourcecode.swift; path = MainTabView.swift; sourceTree = "<group>"; };
		9F82FF172C45CE800048B796 /* ProfileView.swift */ = {isa = PBXFileReference; lastKnownFileType = sourcecode.swift; path = ProfileView.swift; sourceTree = "<group>"; };
		9F82FF1A2C45D8FE0048B796 /* UserStatView.swift */ = {isa = PBXFileReference; lastKnownFileType = sourcecode.swift; path = UserStatView.swift; sourceTree = "<group>"; };
		9F82FF1C2C4707120048B796 /* FeedView.swift */ = {isa = PBXFileReference; lastKnownFileType = sourcecode.swift; path = FeedView.swift; sourceTree = "<group>"; };
		9F82FF1E2C47071E0048B796 /* FeedCell.swift */ = {isa = PBXFileReference; lastKnownFileType = sourcecode.swift; path = FeedCell.swift; sourceTree = "<group>"; };
		9F82FF202C494C2D0048B796 /* SearchView.swift */ = {isa = PBXFileReference; lastKnownFileType = sourcecode.swift; path = SearchView.swift; sourceTree = "<group>"; };
/* End PBXFileReference section */

/* Begin PBXFrameworksBuildPhase section */
		9F82FEF62C45C8CB0048B796 /* Frameworks */ = {
			isa = PBXFrameworksBuildPhase;
			buildActionMask = 2147483647;
			files = (
				9F1039ED2C525A170074639E /* FirebaseDatabase in Frameworks */,
				9F1039FB2C525A170074639E /* FirebaseFunctionsCombine-Community in Frameworks */,
				9F1039F32C525A170074639E /* FirebaseFirestore in Frameworks */,
				9F1039DF2C525A170074639E /* FirebaseAnalyticsSwift in Frameworks */,
				9F1039DB2C525A170074639E /* FirebaseAnalytics in Frameworks */,
				9F1039DD2C525A170074639E /* FirebaseAnalyticsOnDeviceConversion in Frameworks */,
				9F103A032C525A170074639E /* FirebaseMLModelDownloader in Frameworks */,
				9F1039F72C525A170074639E /* FirebaseFirestoreSwift in Frameworks */,
				9F1039E32C525A170074639E /* FirebaseAppCheck in Frameworks */,
				9F1039E12C525A170074639E /* FirebaseAnalyticsWithoutAdIdSupport in Frameworks */,
				9F1039E72C525A170074639E /* FirebaseAuth in Frameworks */,
				9F1039EB2C525A170074639E /* FirebaseCrashlytics in Frameworks */,
				9F103A0B2C525A170074639E /* FirebaseRemoteConfigSwift in Frameworks */,
				9F1039FD2C525A170074639E /* FirebaseInAppMessaging-Beta in Frameworks */,
				9F1039EF2C525A170074639E /* FirebaseDatabaseSwift in Frameworks */,
				9F1039F92C525A170074639E /* FirebaseFunctions in Frameworks */,
				9F103A0F2C525A170074639E /* FirebaseStorageCombine-Community in Frameworks */,
				9F103A092C525A170074639E /* FirebaseRemoteConfig in Frameworks */,
				9F1039E52C525A170074639E /* FirebaseAppDistribution-Beta in Frameworks */,
				9F1039E92C525A170074639E /* FirebaseAuthCombine-Community in Frameworks */,
				9F103A072C525A170074639E /* FirebasePerformance in Frameworks */,
				9F1039FF2C525A170074639E /* FirebaseInAppMessagingSwift-Beta in Frameworks */,
				9F103A0D2C525A170074639E /* FirebaseStorage in Frameworks */,
				9F1039F12C525A170074639E /* FirebaseDynamicLinks in Frameworks */,
				9F103A112C525A170074639E /* FirebaseVertexAI-Preview in Frameworks */,
				9F1039F52C525A170074639E /* FirebaseFirestoreCombine-Community in Frameworks */,
				9F103A052C525A170074639E /* FirebaseMessaging in Frameworks */,
				9F103A012C525A170074639E /* FirebaseInstallations in Frameworks */,
			);
			runOnlyForDeploymentPostprocessing = 0;
		};
/* End PBXFrameworksBuildPhase section */

/* Begin PBXGroup section */
		9F103A122C525C610074639E /* Service */ = {
			isa = PBXGroup;
			children = (
				9F103A132C525C7B0074639E /* AuthService.swift */,
			);
			path = Service;
			sourceTree = "<group>";
		};
		9F103A152C525FDB0074639E /* Root */ = {
			isa = PBXGroup;
			children = (
				9F103A172C525FEC0074639E /* ViewModel */,
				9F103A162C525FE50074639E /* View */,
			);
			path = Root;
			sourceTree = "<group>";
		};
		9F103A162C525FE50074639E /* View */ = {
			isa = PBXGroup;
			children = (
				9F82FEFE2C45C8CB0048B796 /* ContentView.swift */,
			);
			path = View;
			sourceTree = "<group>";
		};
		9F103A172C525FEC0074639E /* ViewModel */ = {
			isa = PBXGroup;
			children = (
				9F103A182C5260020074639E /* ContentViewModel.swift */,
			);
			path = ViewModel;
			sourceTree = "<group>";
		};
		9F103A1A2C5263230074639E /* ViewModel */ = {
			isa = PBXGroup;
			children = (
				9F103A1B2C5263370074639E /* RegisterViewModel.swift */,
				9F103A1E2C526E660074639E /* LoginViewModel.swift */,
			);
			path = ViewModel;
			sourceTree = "<group>";
		};
		9F103A1D2C526E220074639E /* View */ = {
			isa = PBXGroup;
			children = (
				9F6EB99B2C4ABDF100770E33 /* AddEmailView.swift */,
				9F6EB9A12C4B879B00770E33 /* CreatePasswordView.swift */,
				9F6EB99F2C4B861100770E33 /* CreateUsernameView.swift */,
				9F6EB9A32C4B886D00770E33 /* CompleteSignUpView.swift */,
				9F6EB9992C4A951D00770E33 /* LoginView.swift */,
			);
			path = View;
			sourceTree = "<group>";
		};
		9F82FEF02C45C8CB0048B796 = {
			isa = PBXGroup;
			children = (
				9F82FEFB2C45C8CB0048B796 /* instaCloneBootcamp */,
				9F82FEFA2C45C8CB0048B796 /* Products */,
			);
			sourceTree = "<group>";
		};
		9F82FEFA2C45C8CB0048B796 /* Products */ = {
			isa = PBXGroup;
			children = (
				9F82FEF92C45C8CB0048B796 /* instaCloneBootcamp.app */,
			);
			name = Products;
			sourceTree = "<group>";
		};
		9F82FEFB2C45C8CB0048B796 /* instaCloneBootcamp */ = {
			isa = PBXGroup;
			children = (
				9F82FF0E2C45C9590048B796 /* Service */,
				9F82FF0D2C45C9500048B796 /* Model */,
				9F82FF0C2C45C93F0048B796 /* Extensions */,
				9F82FF0B2C45C9370048B796 /* Core */,
				9F82FF0A2C45C8F30048B796 /* App */,
				9F82FEFC2C45C8CB0048B796 /* instaCloneBootcampApp.swift */,
				9F82FF002C45C8CC0048B796 /* Assets.xcassets */,
				9F82FF022C45C8CC0048B796 /* Preview Content */,
			);
			path = instaCloneBootcamp;
			sourceTree = "<group>";
		};
		9F82FF022C45C8CC0048B796 /* Preview Content */ = {
			isa = PBXGroup;
			children = (
				9F82FF032C45C8CC0048B796 /* Preview Assets.xcassets */,
			);
			path = "Preview Content";
			sourceTree = "<group>";
		};
		9F82FF0A2C45C8F30048B796 /* App */ = {
			isa = PBXGroup;
			children = (
				9F1039D72C52598C0074639E /* GoogleService-Info.plist */,
			);
			path = App;
			sourceTree = "<group>";
		};
		9F82FF0B2C45C9370048B796 /* Core */ = {
			isa = PBXGroup;
			children = (
				9F103A152C525FDB0074639E /* Root */,
				9F82FF192C45D8510048B796 /* Components */,
				9F82FF142C45C9A60048B796 /* UploadPost */,
				9F82FF132C45C9990048B796 /* TabBar */,
				9F82FF122C45C9940048B796 /* Search */,
				9F82FF112C45C98B0048B796 /* Profile */,
				9F82FF102C45C9810048B796 /* Feed */,
				9F82FF0F2C45C9660048B796 /* Authentication */,
			);
			path = Core;
			sourceTree = "<group>";
		};
		9F82FF0C2C45C93F0048B796 /* Extensions */ = {
			isa = PBXGroup;
			children = (
			);
			path = Extensions;
			sourceTree = "<group>";
		};
		9F82FF0D2C45C9500048B796 /* Model */ = {
			isa = PBXGroup;
			children = (
				9F6EB9A72C4B8F3C00770E33 /* User.swift */,
				9F6EB9AB2C4BF2E800770E33 /* Post.swift */,
			);
			path = Model;
			sourceTree = "<group>";
		};
		9F82FF0E2C45C9590048B796 /* Service */ = {
			isa = PBXGroup;
			children = (
			);
			path = Service;
			sourceTree = "<group>";
		};
		9F82FF0F2C45C9660048B796 /* Authentication */ = {
			isa = PBXGroup;
			children = (
				9F103A1D2C526E220074639E /* View */,
				9F103A1A2C5263230074639E /* ViewModel */,
				9F103A122C525C610074639E /* Service */,
			);
			path = Authentication;
			sourceTree = "<group>";
		};
		9F82FF102C45C9810048B796 /* Feed */ = {
			isa = PBXGroup;
			children = (
				9F82FF1C2C4707120048B796 /* FeedView.swift */,
				9F82FF1E2C47071E0048B796 /* FeedCell.swift */,
			);
			path = Feed;
			sourceTree = "<group>";
		};
		9F82FF112C45C98B0048B796 /* Profile */ = {
			isa = PBXGroup;
			children = (
				9F82FF172C45CE800048B796 /* ProfileView.swift */,
				9F6EB9A92C4BF04400770E33 /* CurrentUserProfileView.swift */,
			);
			path = Profile;
			sourceTree = "<group>";
		};
		9F82FF122C45C9940048B796 /* Search */ = {
			isa = PBXGroup;
			children = (
				9F82FF202C494C2D0048B796 /* SearchView.swift */,
			);
			path = Search;
			sourceTree = "<group>";
		};
		9F82FF132C45C9990048B796 /* TabBar */ = {
			isa = PBXGroup;
			children = (
				9F82FF152C45CAEA0048B796 /* MainTabView.swift */,
			);
			path = TabBar;
			sourceTree = "<group>";
		};
		9F82FF142C45C9A60048B796 /* UploadPost */ = {
			isa = PBXGroup;
			children = (
				9F33511F2C4E59C700745FEA /* UploadPostView.swift */,
				9F1039D52C5249AF0074639E /* UploadPostViewModel.swift */,
			);
			path = UploadPost;
			sourceTree = "<group>";
		};
		9F82FF192C45D8510048B796 /* Components */ = {
			isa = PBXGroup;
			children = (
				9F82FF1A2C45D8FE0048B796 /* UserStatView.swift */,
				9F6EB99D2C4AC33B00770E33 /* IGTextFieldModifier.swift */,
				9F6EB9A52C4B8BCD00770E33 /* SecureFieldWithButton.swift */,
				9F33511B2C4E547600745FEA /* PostGridView.swift */,
				9F33511D2C4E579800745FEA /* ProfileHeaderView.swift */,
			);
			path = Components;
			sourceTree = "<group>";
		};
/* End PBXGroup section */

/* Begin PBXNativeTarget section */
		9F82FEF82C45C8CB0048B796 /* instaCloneBootcamp */ = {
			isa = PBXNativeTarget;
			buildConfigurationList = 9F82FF072C45C8CC0048B796 /* Build configuration list for PBXNativeTarget "instaCloneBootcamp" */;
			buildPhases = (
				9F82FEF52C45C8CB0048B796 /* Sources */,
				9F82FEF62C45C8CB0048B796 /* Frameworks */,
				9F82FEF72C45C8CB0048B796 /* Resources */,
			);
			buildRules = (
			);
			dependencies = (
			);
			name = instaCloneBootcamp;
			packageProductDependencies = (
				9F1039DA2C525A170074639E /* FirebaseAnalytics */,
				9F1039DC2C525A170074639E /* FirebaseAnalyticsOnDeviceConversion */,
				9F1039DE2C525A170074639E /* FirebaseAnalyticsSwift */,
				9F1039E02C525A170074639E /* FirebaseAnalyticsWithoutAdIdSupport */,
				9F1039E22C525A170074639E /* FirebaseAppCheck */,
				9F1039E42C525A170074639E /* FirebaseAppDistribution-Beta */,
				9F1039E62C525A170074639E /* FirebaseAuth */,
				9F1039E82C525A170074639E /* FirebaseAuthCombine-Community */,
				9F1039EA2C525A170074639E /* FirebaseCrashlytics */,
				9F1039EC2C525A170074639E /* FirebaseDatabase */,
				9F1039EE2C525A170074639E /* FirebaseDatabaseSwift */,
				9F1039F02C525A170074639E /* FirebaseDynamicLinks */,
				9F1039F22C525A170074639E /* FirebaseFirestore */,
				9F1039F42C525A170074639E /* FirebaseFirestoreCombine-Community */,
				9F1039F62C525A170074639E /* FirebaseFirestoreSwift */,
				9F1039F82C525A170074639E /* FirebaseFunctions */,
				9F1039FA2C525A170074639E /* FirebaseFunctionsCombine-Community */,
				9F1039FC2C525A170074639E /* FirebaseInAppMessaging-Beta */,
				9F1039FE2C525A170074639E /* FirebaseInAppMessagingSwift-Beta */,
				9F103A002C525A170074639E /* FirebaseInstallations */,
				9F103A022C525A170074639E /* FirebaseMLModelDownloader */,
				9F103A042C525A170074639E /* FirebaseMessaging */,
				9F103A062C525A170074639E /* FirebasePerformance */,
				9F103A082C525A170074639E /* FirebaseRemoteConfig */,
				9F103A0A2C525A170074639E /* FirebaseRemoteConfigSwift */,
				9F103A0C2C525A170074639E /* FirebaseStorage */,
				9F103A0E2C525A170074639E /* FirebaseStorageCombine-Community */,
				9F103A102C525A170074639E /* FirebaseVertexAI-Preview */,
			);
			productName = instaCloneBootcamp;
			productReference = 9F82FEF92C45C8CB0048B796 /* instaCloneBootcamp.app */;
			productType = "com.apple.product-type.application";
		};
/* End PBXNativeTarget section */

/* Begin PBXProject section */
		9F82FEF12C45C8CB0048B796 /* Project object */ = {
			isa = PBXProject;
			attributes = {
				BuildIndependentTargetsInParallel = 1;
				LastSwiftUpdateCheck = 1540;
				LastUpgradeCheck = 1540;
				TargetAttributes = {
					9F82FEF82C45C8CB0048B796 = {
						CreatedOnToolsVersion = 15.4;
					};
				};
			};
			buildConfigurationList = 9F82FEF42C45C8CB0048B796 /* Build configuration list for PBXProject "instaCloneBootcamp" */;
			compatibilityVersion = "Xcode 14.0";
			developmentRegion = en;
			hasScannedForEncodings = 0;
			knownRegions = (
				en,
				Base,
			);
			mainGroup = 9F82FEF02C45C8CB0048B796;
			packageReferences = (
				9F1039D92C525A170074639E /* XCRemoteSwiftPackageReference "firebase-ios-sdk" */,
			);
			productRefGroup = 9F82FEFA2C45C8CB0048B796 /* Products */;
			projectDirPath = "";
			projectRoot = "";
			targets = (
				9F82FEF82C45C8CB0048B796 /* instaCloneBootcamp */,
			);
		};
/* End PBXProject section */

/* Begin PBXResourcesBuildPhase section */
		9F82FEF72C45C8CB0048B796 /* Resources */ = {
			isa = PBXResourcesBuildPhase;
			buildActionMask = 2147483647;
			files = (
				9F82FF042C45C8CC0048B796 /* Preview Assets.xcassets in Resources */,
				9F82FF012C45C8CC0048B796 /* Assets.xcassets in Resources */,
				9F1039D82C52598C0074639E /* GoogleService-Info.plist in Resources */,
			);
			runOnlyForDeploymentPostprocessing = 0;
		};
/* End PBXResourcesBuildPhase section */

/* Begin PBXSourcesBuildPhase section */
		9F82FEF52C45C8CB0048B796 /* Sources */ = {
			isa = PBXSourcesBuildPhase;
			buildActionMask = 2147483647;
			files = (
				9F82FF1F2C47071E0048B796 /* FeedCell.swift in Sources */,
				9F103A1C2C5263370074639E /* RegisterViewModel.swift in Sources */,
				9F103A142C525C7B0074639E /* AuthService.swift in Sources */,
				9F82FF182C45CE800048B796 /* ProfileView.swift in Sources */,
				9F6EB9A62C4B8BCD00770E33 /* SecureFieldWithButton.swift in Sources */,
				9F82FEFF2C45C8CB0048B796 /* ContentView.swift in Sources */,
				9F6EB9A82C4B8F3C00770E33 /* User.swift in Sources */,
				9F6EB99A2C4A951D00770E33 /* LoginView.swift in Sources */,
				9F103A1F2C526E670074639E /* LoginViewModel.swift in Sources */,
				9F82FEFD2C45C8CB0048B796 /* instaCloneBootcampApp.swift in Sources */,
				9F103A192C5260020074639E /* ContentViewModel.swift in Sources */,
				9F33511E2C4E579900745FEA /* ProfileHeaderView.swift in Sources */,
				9F6EB99C2C4ABDF100770E33 /* AddEmailView.swift in Sources */,
				9F6EB9A02C4B861100770E33 /* CreateUsernameView.swift in Sources */,
				9F6EB9A42C4B886D00770E33 /* CompleteSignUpView.swift in Sources */,
				9F82FF212C494C2D0048B796 /* SearchView.swift in Sources */,
				9F6EB99E2C4AC33B00770E33 /* IGTextFieldModifier.swift in Sources */,
				9F1039D62C5249AF0074639E /* UploadPostViewModel.swift in Sources */,
				9F33511C2C4E547600745FEA /* PostGridView.swift in Sources */,
				9F82FF1B2C45D8FE0048B796 /* UserStatView.swift in Sources */,
				9F82FF1D2C4707120048B796 /* FeedView.swift in Sources */,
				9F3351202C4E59C700745FEA /* UploadPostView.swift in Sources */,
				9F82FF162C45CAEA0048B796 /* MainTabView.swift in Sources */,
				9F6EB9AC2C4BF2E800770E33 /* Post.swift in Sources */,
				9F6EB9A22C4B879B00770E33 /* CreatePasswordView.swift in Sources */,
				9F6EB9AA2C4BF04400770E33 /* CurrentUserProfileView.swift in Sources */,
			);
			runOnlyForDeploymentPostprocessing = 0;
		};
/* End PBXSourcesBuildPhase section */

/* Begin XCBuildConfiguration section */
		9F82FF052C45C8CC0048B796 /* Debug */ = {
			isa = XCBuildConfiguration;
			buildSettings = {
				ALWAYS_SEARCH_USER_PATHS = NO;
				ASSETCATALOG_COMPILER_GENERATE_SWIFT_ASSET_SYMBOL_EXTENSIONS = YES;
				CLANG_ANALYZER_NONNULL = YES;
				CLANG_ANALYZER_NUMBER_OBJECT_CONVERSION = YES_AGGRESSIVE;
				CLANG_CXX_LANGUAGE_STANDARD = "gnu++20";
				CLANG_ENABLE_MODULES = YES;
				CLANG_ENABLE_OBJC_ARC = YES;
				CLANG_ENABLE_OBJC_WEAK = YES;
				CLANG_WARN_BLOCK_CAPTURE_AUTORELEASING = YES;
				CLANG_WARN_BOOL_CONVERSION = YES;
				CLANG_WARN_COMMA = YES;
				CLANG_WARN_CONSTANT_CONVERSION = YES;
				CLANG_WARN_DEPRECATED_OBJC_IMPLEMENTATIONS = YES;
				CLANG_WARN_DIRECT_OBJC_ISA_USAGE = YES_ERROR;
				CLANG_WARN_DOCUMENTATION_COMMENTS = YES;
				CLANG_WARN_EMPTY_BODY = YES;
				CLANG_WARN_ENUM_CONVERSION = YES;
				CLANG_WARN_INFINITE_RECURSION = YES;
				CLANG_WARN_INT_CONVERSION = YES;
				CLANG_WARN_NON_LITERAL_NULL_CONVERSION = YES;
				CLANG_WARN_OBJC_IMPLICIT_RETAIN_SELF = YES;
				CLANG_WARN_OBJC_LITERAL_CONVERSION = YES;
				CLANG_WARN_OBJC_ROOT_CLASS = YES_ERROR;
				CLANG_WARN_QUOTED_INCLUDE_IN_FRAMEWORK_HEADER = YES;
				CLANG_WARN_RANGE_LOOP_ANALYSIS = YES;
				CLANG_WARN_STRICT_PROTOTYPES = YES;
				CLANG_WARN_SUSPICIOUS_MOVE = YES;
				CLANG_WARN_UNGUARDED_AVAILABILITY = YES_AGGRESSIVE;
				CLANG_WARN_UNREACHABLE_CODE = YES;
				CLANG_WARN__DUPLICATE_METHOD_MATCH = YES;
				COPY_PHASE_STRIP = NO;
				DEBUG_INFORMATION_FORMAT = dwarf;
				ENABLE_STRICT_OBJC_MSGSEND = YES;
				ENABLE_TESTABILITY = YES;
				ENABLE_USER_SCRIPT_SANDBOXING = YES;
				GCC_C_LANGUAGE_STANDARD = gnu17;
				GCC_DYNAMIC_NO_PIC = NO;
				GCC_NO_COMMON_BLOCKS = YES;
				GCC_OPTIMIZATION_LEVEL = 0;
				GCC_PREPROCESSOR_DEFINITIONS = (
					"DEBUG=1",
					"$(inherited)",
				);
				GCC_WARN_64_TO_32_BIT_CONVERSION = YES;
				GCC_WARN_ABOUT_RETURN_TYPE = YES_ERROR;
				GCC_WARN_UNDECLARED_SELECTOR = YES;
				GCC_WARN_UNINITIALIZED_AUTOS = YES_AGGRESSIVE;
				GCC_WARN_UNUSED_FUNCTION = YES;
				GCC_WARN_UNUSED_VARIABLE = YES;
				IPHONEOS_DEPLOYMENT_TARGET = 17.5;
				LOCALIZATION_PREFERS_STRING_CATALOGS = YES;
				MTL_ENABLE_DEBUG_INFO = INCLUDE_SOURCE;
				MTL_FAST_MATH = YES;
				ONLY_ACTIVE_ARCH = YES;
				SDKROOT = iphoneos;
				SWIFT_ACTIVE_COMPILATION_CONDITIONS = "DEBUG $(inherited)";
				SWIFT_OPTIMIZATION_LEVEL = "-Onone";
			};
			name = Debug;
		};
		9F82FF062C45C8CC0048B796 /* Release */ = {
			isa = XCBuildConfiguration;
			buildSettings = {
				ALWAYS_SEARCH_USER_PATHS = NO;
				ASSETCATALOG_COMPILER_GENERATE_SWIFT_ASSET_SYMBOL_EXTENSIONS = YES;
				CLANG_ANALYZER_NONNULL = YES;
				CLANG_ANALYZER_NUMBER_OBJECT_CONVERSION = YES_AGGRESSIVE;
				CLANG_CXX_LANGUAGE_STANDARD = "gnu++20";
				CLANG_ENABLE_MODULES = YES;
				CLANG_ENABLE_OBJC_ARC = YES;
				CLANG_ENABLE_OBJC_WEAK = YES;
				CLANG_WARN_BLOCK_CAPTURE_AUTORELEASING = YES;
				CLANG_WARN_BOOL_CONVERSION = YES;
				CLANG_WARN_COMMA = YES;
				CLANG_WARN_CONSTANT_CONVERSION = YES;
				CLANG_WARN_DEPRECATED_OBJC_IMPLEMENTATIONS = YES;
				CLANG_WARN_DIRECT_OBJC_ISA_USAGE = YES_ERROR;
				CLANG_WARN_DOCUMENTATION_COMMENTS = YES;
				CLANG_WARN_EMPTY_BODY = YES;
				CLANG_WARN_ENUM_CONVERSION = YES;
				CLANG_WARN_INFINITE_RECURSION = YES;
				CLANG_WARN_INT_CONVERSION = YES;
				CLANG_WARN_NON_LITERAL_NULL_CONVERSION = YES;
				CLANG_WARN_OBJC_IMPLICIT_RETAIN_SELF = YES;
				CLANG_WARN_OBJC_LITERAL_CONVERSION = YES;
				CLANG_WARN_OBJC_ROOT_CLASS = YES_ERROR;
				CLANG_WARN_QUOTED_INCLUDE_IN_FRAMEWORK_HEADER = YES;
				CLANG_WARN_RANGE_LOOP_ANALYSIS = YES;
				CLANG_WARN_STRICT_PROTOTYPES = YES;
				CLANG_WARN_SUSPICIOUS_MOVE = YES;
				CLANG_WARN_UNGUARDED_AVAILABILITY = YES_AGGRESSIVE;
				CLANG_WARN_UNREACHABLE_CODE = YES;
				CLANG_WARN__DUPLICATE_METHOD_MATCH = YES;
				COPY_PHASE_STRIP = NO;
				DEBUG_INFORMATION_FORMAT = "dwarf-with-dsym";
				ENABLE_NS_ASSERTIONS = NO;
				ENABLE_STRICT_OBJC_MSGSEND = YES;
				ENABLE_USER_SCRIPT_SANDBOXING = YES;
				GCC_C_LANGUAGE_STANDARD = gnu17;
				GCC_NO_COMMON_BLOCKS = YES;
				GCC_WARN_64_TO_32_BIT_CONVERSION = YES;
				GCC_WARN_ABOUT_RETURN_TYPE = YES_ERROR;
				GCC_WARN_UNDECLARED_SELECTOR = YES;
				GCC_WARN_UNINITIALIZED_AUTOS = YES_AGGRESSIVE;
				GCC_WARN_UNUSED_FUNCTION = YES;
				GCC_WARN_UNUSED_VARIABLE = YES;
				IPHONEOS_DEPLOYMENT_TARGET = 17.5;
				LOCALIZATION_PREFERS_STRING_CATALOGS = YES;
				MTL_ENABLE_DEBUG_INFO = NO;
				MTL_FAST_MATH = YES;
				SDKROOT = iphoneos;
				SWIFT_COMPILATION_MODE = wholemodule;
				VALIDATE_PRODUCT = YES;
			};
			name = Release;
		};
		9F82FF082C45C8CC0048B796 /* Debug */ = {
			isa = XCBuildConfiguration;
			buildSettings = {
				ASSETCATALOG_COMPILER_APPICON_NAME = AppIcon;
				ASSETCATALOG_COMPILER_GLOBAL_ACCENT_COLOR_NAME = AccentColor;
				CODE_SIGN_STYLE = Automatic;
				CURRENT_PROJECT_VERSION = 1;
				DEVELOPMENT_ASSET_PATHS = "\"instaCloneBootcamp/Preview Content\"";
				ENABLE_PREVIEWS = YES;
				GENERATE_INFOPLIST_FILE = YES;
				INFOPLIST_KEY_UIApplicationSceneManifest_Generation = YES;
				INFOPLIST_KEY_UIApplicationSupportsIndirectInputEvents = YES;
				INFOPLIST_KEY_UILaunchScreen_Generation = YES;
				INFOPLIST_KEY_UISupportedInterfaceOrientations_iPad = "UIInterfaceOrientationPortrait UIInterfaceOrientationPortraitUpsideDown UIInterfaceOrientationLandscapeLeft UIInterfaceOrientationLandscapeRight";
				INFOPLIST_KEY_UISupportedInterfaceOrientations_iPhone = "UIInterfaceOrientationPortrait UIInterfaceOrientationLandscapeLeft UIInterfaceOrientationLandscapeRight";
				LD_RUNPATH_SEARCH_PATHS = (
					"$(inherited)",
					"@executable_path/Frameworks",
				);
				MARKETING_VERSION = 1.0;
				PRODUCT_BUNDLE_IDENTIFIER = com.hasankilic.instaCloneBootcamp;
				PRODUCT_NAME = "$(TARGET_NAME)";
				SWIFT_EMIT_LOC_STRINGS = YES;
				SWIFT_VERSION = 5.0;
				TARGETED_DEVICE_FAMILY = "1,2";
			};
			name = Debug;
		};
		9F82FF092C45C8CC0048B796 /* Release */ = {
			isa = XCBuildConfiguration;
			buildSettings = {
				ASSETCATALOG_COMPILER_APPICON_NAME = AppIcon;
				ASSETCATALOG_COMPILER_GLOBAL_ACCENT_COLOR_NAME = AccentColor;
				CODE_SIGN_STYLE = Automatic;
				CURRENT_PROJECT_VERSION = 1;
				DEVELOPMENT_ASSET_PATHS = "\"instaCloneBootcamp/Preview Content\"";
				ENABLE_PREVIEWS = YES;
				GENERATE_INFOPLIST_FILE = YES;
				INFOPLIST_KEY_UIApplicationSceneManifest_Generation = YES;
				INFOPLIST_KEY_UIApplicationSupportsIndirectInputEvents = YES;
				INFOPLIST_KEY_UILaunchScreen_Generation = YES;
				INFOPLIST_KEY_UISupportedInterfaceOrientations_iPad = "UIInterfaceOrientationPortrait UIInterfaceOrientationPortraitUpsideDown UIInterfaceOrientationLandscapeLeft UIInterfaceOrientationLandscapeRight";
				INFOPLIST_KEY_UISupportedInterfaceOrientations_iPhone = "UIInterfaceOrientationPortrait UIInterfaceOrientationLandscapeLeft UIInterfaceOrientationLandscapeRight";
				LD_RUNPATH_SEARCH_PATHS = (
					"$(inherited)",
					"@executable_path/Frameworks",
				);
				MARKETING_VERSION = 1.0;
				PRODUCT_BUNDLE_IDENTIFIER = com.hasankilic.instaCloneBootcamp;
				PRODUCT_NAME = "$(TARGET_NAME)";
				SWIFT_EMIT_LOC_STRINGS = YES;
				SWIFT_VERSION = 5.0;
				TARGETED_DEVICE_FAMILY = "1,2";
			};
			name = Release;
		};
/* End XCBuildConfiguration section */

/* Begin XCConfigurationList section */
		9F82FEF42C45C8CB0048B796 /* Build configuration list for PBXProject "instaCloneBootcamp" */ = {
			isa = XCConfigurationList;
			buildConfigurations = (
				9F82FF052C45C8CC0048B796 /* Debug */,
				9F82FF062C45C8CC0048B796 /* Release */,
			);
			defaultConfigurationIsVisible = 0;
			defaultConfigurationName = Release;
		};
		9F82FF072C45C8CC0048B796 /* Build configuration list for PBXNativeTarget "instaCloneBootcamp" */ = {
			isa = XCConfigurationList;
			buildConfigurations = (
				9F82FF082C45C8CC0048B796 /* Debug */,
				9F82FF092C45C8CC0048B796 /* Release */,
			);
			defaultConfigurationIsVisible = 0;
			defaultConfigurationName = Release;
		};
/* End XCConfigurationList section */

/* Begin XCRemoteSwiftPackageReference section */
		9F1039D92C525A170074639E /* XCRemoteSwiftPackageReference "firebase-ios-sdk" */ = {
			isa = XCRemoteSwiftPackageReference;
			repositoryURL = "https://github.com/firebase/firebase-ios-sdk";
			requirement = {
				kind = upToNextMajorVersion;
				minimumVersion = 10.29.0;
			};
		};
/* End XCRemoteSwiftPackageReference section */

/* Begin XCSwiftPackageProductDependency section */
		9F1039DA2C525A170074639E /* FirebaseAnalytics */ = {
			isa = XCSwiftPackageProductDependency;
			package = 9F1039D92C525A170074639E /* XCRemoteSwiftPackageReference "firebase-ios-sdk" */;
			productName = FirebaseAnalytics;
		};
		9F1039DC2C525A170074639E /* FirebaseAnalyticsOnDeviceConversion */ = {
			isa = XCSwiftPackageProductDependency;
			package = 9F1039D92C525A170074639E /* XCRemoteSwiftPackageReference "firebase-ios-sdk" */;
			productName = FirebaseAnalyticsOnDeviceConversion;
		};
		9F1039DE2C525A170074639E /* FirebaseAnalyticsSwift */ = {
			isa = XCSwiftPackageProductDependency;
			package = 9F1039D92C525A170074639E /* XCRemoteSwiftPackageReference "firebase-ios-sdk" */;
			productName = FirebaseAnalyticsSwift;
		};
		9F1039E02C525A170074639E /* FirebaseAnalyticsWithoutAdIdSupport */ = {
			isa = XCSwiftPackageProductDependency;
			package = 9F1039D92C525A170074639E /* XCRemoteSwiftPackageReference "firebase-ios-sdk" */;
			productName = FirebaseAnalyticsWithoutAdIdSupport;
		};
		9F1039E22C525A170074639E /* FirebaseAppCheck */ = {
			isa = XCSwiftPackageProductDependency;
			package = 9F1039D92C525A170074639E /* XCRemoteSwiftPackageReference "firebase-ios-sdk" */;
			productName = FirebaseAppCheck;
		};
		9F1039E42C525A170074639E /* FirebaseAppDistribution-Beta */ = {
			isa = XCSwiftPackageProductDependency;
			package = 9F1039D92C525A170074639E /* XCRemoteSwiftPackageReference "firebase-ios-sdk" */;
			productName = "FirebaseAppDistribution-Beta";
		};
		9F1039E62C525A170074639E /* FirebaseAuth */ = {
			isa = XCSwiftPackageProductDependency;
			package = 9F1039D92C525A170074639E /* XCRemoteSwiftPackageReference "firebase-ios-sdk" */;
			productName = FirebaseAuth;
		};
		9F1039E82C525A170074639E /* FirebaseAuthCombine-Community */ = {
			isa = XCSwiftPackageProductDependency;
			package = 9F1039D92C525A170074639E /* XCRemoteSwiftPackageReference "firebase-ios-sdk" */;
			productName = "FirebaseAuthCombine-Community";
		};
		9F1039EA2C525A170074639E /* FirebaseCrashlytics */ = {
			isa = XCSwiftPackageProductDependency;
			package = 9F1039D92C525A170074639E /* XCRemoteSwiftPackageReference "firebase-ios-sdk" */;
			productName = FirebaseCrashlytics;
		};
		9F1039EC2C525A170074639E /* FirebaseDatabase */ = {
			isa = XCSwiftPackageProductDependency;
			package = 9F1039D92C525A170074639E /* XCRemoteSwiftPackageReference "firebase-ios-sdk" */;
			productName = FirebaseDatabase;
		};
		9F1039EE2C525A170074639E /* FirebaseDatabaseSwift */ = {
			isa = XCSwiftPackageProductDependency;
			package = 9F1039D92C525A170074639E /* XCRemoteSwiftPackageReference "firebase-ios-sdk" */;
			productName = FirebaseDatabaseSwift;
		};
		9F1039F02C525A170074639E /* FirebaseDynamicLinks */ = {
			isa = XCSwiftPackageProductDependency;
			package = 9F1039D92C525A170074639E /* XCRemoteSwiftPackageReference "firebase-ios-sdk" */;
			productName = FirebaseDynamicLinks;
		};
		9F1039F22C525A170074639E /* FirebaseFirestore */ = {
			isa = XCSwiftPackageProductDependency;
			package = 9F1039D92C525A170074639E /* XCRemoteSwiftPackageReference "firebase-ios-sdk" */;
			productName = FirebaseFirestore;
		};
		9F1039F42C525A170074639E /* FirebaseFirestoreCombine-Community */ = {
			isa = XCSwiftPackageProductDependency;
			package = 9F1039D92C525A170074639E /* XCRemoteSwiftPackageReference "firebase-ios-sdk" */;
			productName = "FirebaseFirestoreCombine-Community";
		};
		9F1039F62C525A170074639E /* FirebaseFirestoreSwift */ = {
			isa = XCSwiftPackageProductDependency;
			package = 9F1039D92C525A170074639E /* XCRemoteSwiftPackageReference "firebase-ios-sdk" */;
			productName = FirebaseFirestoreSwift;
		};
		9F1039F82C525A170074639E /* FirebaseFunctions */ = {
			isa = XCSwiftPackageProductDependency;
			package = 9F1039D92C525A170074639E /* XCRemoteSwiftPackageReference "firebase-ios-sdk" */;
			productName = FirebaseFunctions;
		};
		9F1039FA2C525A170074639E /* FirebaseFunctionsCombine-Community */ = {
			isa = XCSwiftPackageProductDependency;
			package = 9F1039D92C525A170074639E /* XCRemoteSwiftPackageReference "firebase-ios-sdk" */;
			productName = "FirebaseFunctionsCombine-Community";
		};
		9F1039FC2C525A170074639E /* FirebaseInAppMessaging-Beta */ = {
			isa = XCSwiftPackageProductDependency;
			package = 9F1039D92C525A170074639E /* XCRemoteSwiftPackageReference "firebase-ios-sdk" */;
			productName = "FirebaseInAppMessaging-Beta";
		};
		9F1039FE2C525A170074639E /* FirebaseInAppMessagingSwift-Beta */ = {
			isa = XCSwiftPackageProductDependency;
			package = 9F1039D92C525A170074639E /* XCRemoteSwiftPackageReference "firebase-ios-sdk" */;
			productName = "FirebaseInAppMessagingSwift-Beta";
		};
		9F103A002C525A170074639E /* FirebaseInstallations */ = {
			isa = XCSwiftPackageProductDependency;
			package = 9F1039D92C525A170074639E /* XCRemoteSwiftPackageReference "firebase-ios-sdk" */;
			productName = FirebaseInstallations;
		};
		9F103A022C525A170074639E /* FirebaseMLModelDownloader */ = {
			isa = XCSwiftPackageProductDependency;
			package = 9F1039D92C525A170074639E /* XCRemoteSwiftPackageReference "firebase-ios-sdk" */;
			productName = FirebaseMLModelDownloader;
		};
		9F103A042C525A170074639E /* FirebaseMessaging */ = {
			isa = XCSwiftPackageProductDependency;
			package = 9F1039D92C525A170074639E /* XCRemoteSwiftPackageReference "firebase-ios-sdk" */;
			productName = FirebaseMessaging;
		};
		9F103A062C525A170074639E /* FirebasePerformance */ = {
			isa = XCSwiftPackageProductDependency;
			package = 9F1039D92C525A170074639E /* XCRemoteSwiftPackageReference "firebase-ios-sdk" */;
			productName = FirebasePerformance;
		};
		9F103A082C525A170074639E /* FirebaseRemoteConfig */ = {
			isa = XCSwiftPackageProductDependency;
			package = 9F1039D92C525A170074639E /* XCRemoteSwiftPackageReference "firebase-ios-sdk" */;
			productName = FirebaseRemoteConfig;
		};
		9F103A0A2C525A170074639E /* FirebaseRemoteConfigSwift */ = {
			isa = XCSwiftPackageProductDependency;
			package = 9F1039D92C525A170074639E /* XCRemoteSwiftPackageReference "firebase-ios-sdk" */;
			productName = FirebaseRemoteConfigSwift;
		};
		9F103A0C2C525A170074639E /* FirebaseStorage */ = {
			isa = XCSwiftPackageProductDependency;
			package = 9F1039D92C525A170074639E /* XCRemoteSwiftPackageReference "firebase-ios-sdk" */;
			productName = FirebaseStorage;
		};
		9F103A0E2C525A170074639E /* FirebaseStorageCombine-Community */ = {
			isa = XCSwiftPackageProductDependency;
			package = 9F1039D92C525A170074639E /* XCRemoteSwiftPackageReference "firebase-ios-sdk" */;
			productName = "FirebaseStorageCombine-Community";
		};
		9F103A102C525A170074639E /* FirebaseVertexAI-Preview */ = {
			isa = XCSwiftPackageProductDependency;
			package = 9F1039D92C525A170074639E /* XCRemoteSwiftPackageReference "firebase-ios-sdk" */;
			productName = "FirebaseVertexAI-Preview";
		};
/* End XCSwiftPackageProductDependency section */
	};
	rootObject = 9F82FEF12C45C8CB0048B796 /* Project object */;
}
